<?xml version="1.0" encoding="utf-8"?>
<Project ToolsVersion="4.0" xmlns="http://schemas.microsoft.com/developer/msbuild/2003">
  <ItemGroup>
    <Filter Include="资源文件">
      <UniqueIdentifier>{67DA6AB6-F800-4c08-8B7A-83BB121AAD01}</UniqueIdentifier>
      <Extensions>rc;ico;cur;bmp;dlg;rc2;rct;bin;rgs;gif;jpg;jpeg;jpe;resx;tiff;tif;png;wav;mfcribbon-ms</Extensions>
    </Filter>
    <Filter Include="BackGround">
      <UniqueIdentifier>{8f9425bc-6ca8-470f-a0d0-38f1cfb5911a}</UniqueIdentifier>
    </Filter>
    <Filter Include="FoePlaneBox">
      <UniqueIdentifier>{e54e67e2-f91e-4c31-a44c-7a6f589dddd4}</UniqueIdentifier>
    </Filter>
    <Filter Include="GameConfig">
      <UniqueIdentifier>{7c3aabb9-0622-4510-b696-c36e588c1164}</UniqueIdentifier>
    </Filter>
    <Filter Include="GennerBox">
      <UniqueIdentifier>{229c7ac6-4def-403c-94ef-07d0aae9dec5}</UniqueIdentifier>
    </Filter>
    <Filter Include="Player">
      <UniqueIdentifier>{4d6c733b-223f-46ed-b9bc-ef105d897754}</UniqueIdentifier>
    </Filter>
    <Filter Include="PlaneApp">
      <UniqueIdentifier>{0050847a-9a67-4dbc-b0e0-29c1458d08ae}</UniqueIdentifier>
    </Filter>
    <Filter Include="GameFrame">
      <UniqueIdentifier>{f34850a6-4d19-4ea3-8431-dc933e295bc2}</UniqueIdentifier>
    </Filter>
  </ItemGroup>
  <ItemGroup>
    <ClCompile Include="BackGround\BackGround.cpp">
      <Filter>BackGround</Filter>
    </ClCompile>
    <ClCompile Include="FoePlaneBox\FoePlane.cpp">
      <Filter>FoePlaneBox</Filter>
    </ClCompile>
    <ClCompile Include="FoePlaneBox\FoePlaneBig.cpp">
      <Filter>FoePlaneBox</Filter>
    </ClCompile>
    <ClCompile Include="FoePlaneBox\FoePlaneBox.cpp">
      <Filter>FoePlaneBox</Filter>
    </ClCompile>
    <ClCompile Include="FoePlaneBox\FoePlaneMid.cpp">
      <Filter>FoePlaneBox</Filter>
    </ClCompile>
    <ClCompile Include="FoePlaneBox\FoePlaneSma.cpp">
      <Filter>FoePlaneBox</Filter>
    </ClCompile>
    <ClCompile Include="GunnerBox\Gunner.cpp">
      <Filter>GennerBox</Filter>
    </ClCompile>
    <ClCompile Include="GunnerBox\GunnerBox.cpp">
      <Filter>GennerBox</Filter>
    </ClCompile>
    <ClCompile Include="PlaneApp\PlaneApp.cpp">
      <Filter>PlaneApp</Filter>
    </ClCompile>
    <ClCompile Include="Player\Player.cpp">
      <Filter>Player</Filter>
    </ClCompile>
    <ClCompile Include="GameFrame\main.cpp">
      <Filter>GameFrame</Filter>
    </ClCompile>
    <ClCompile Include="GunnerBox\FoeGun.cpp">
      <Filter>GennerBox</Filter>
    </ClCompile>
    <ClCompile Include="GunnerBox\PlayerGun.cpp">
      <Filter>GennerBox</Filter>
    </ClCompile>
    <ClCompile Include="GunnerBox\gift.cpp">
      <Filter>GennerBox</Filter>
    </ClCompile>
  </ItemGroup>
  <ItemGroup>
    <ClInclude Include="BackGround\Background.h">
      <Filter>BackGround</Filter>
    </ClInclude>
    <ClInclude Include="FoePlaneBox\FoePlane.h">
      <Filter>FoePlaneBox</Filter>
    </ClInclude>
    <ClInclude Include="FoePlaneBox\FoePlaneBig.h">
      <Filter>FoePlaneBox</Filter>
    </ClInclude>
    <ClInclude Include="FoePlaneBox\FoePlaneBox.h">
      <Filter>FoePlaneBox</Filter>
    </ClInclude>
    <ClInclude Include="FoePlaneBox\FoePlaneMid.h">
      <Filter>FoePlaneBox</Filter>
    </ClInclude>
    <ClInclude Include="FoePlaneBox\FoePlaneSma.h">
      <Filter>FoePlaneBox</Filter>
    </ClInclude>
    <ClInclude Include="GameConfig\GameConfig.h">
      <Filter>GameConfig</Filter>
    </ClInclude>
    <ClInclude Include="GunnerBox\Gunner.h">
      <Filter>GennerBox</Filter>
    </ClInclude>
    <ClInclude Include="GunnerBox\GunnerBox.h">
      <Filter>GennerBox</Filter>
    </ClInclude>
    <ClInclude Include="GameFrame\GameFrame.h">
      <Filter>GameFrame</Filter>
    </ClInclude>
    <ClInclude Include="PlaneApp\PlaneApp.h">
      <Filter>PlaneApp</Filter>
    </ClInclude>
    <ClInclude Include="Player\Player.h">
      <Filter>Player</Filter>
    </ClInclude>
    <ClInclude Include="GunnerBox\FoeGun.h">
      <Filter>GennerBox</Filter>
    </ClInclude>
    <ClInclude Include="GunnerBox\PlayerGun.h">
      <Filter>GennerBox</Filter>
    </ClInclude>
    <ClInclude Include="GunnerBox\gift.h">
      <Filter>GennerBox</Filter>
    </ClInclude>
  </ItemGroup>
</Project>